
Microsoft Visual Studio Solution File, Format Version 12.00
# Visual Studio 2012
Project("{2150E333-8FDC-42A3-9474-1A3956D46DE8}") = "src", "src", "{8C63C976-5387-4E12-ADFE-F62D84056FC5}"
EndProject
Project("{2150E333-8FDC-42A3-9474-1A3956D46DE8}") = "presentation", "presentation", "{68A094A0-8DB6-4438-9421-FFC9F63C6A1C}"
EndProject
Project("{FAE04EC0-301F-11D3-BF4B-00C04F79EFBC}") = "MarketimWebApi", "src\presentation\MarketimWebApi\MarketimWebApi.csproj", "{5EA77CA3-6913-4207-A4A2-49C08306E49F}"
EndProject
Project("{2150E333-8FDC-42A3-9474-1A3956D46DE8}") = "tools", "tools", "{690C281D-4059-4FD6-A061-9899F7CD8611}"
EndProject
Project("{FAE04EC0-301F-11D3-BF4B-00C04F79EFBC}") = "WebTools", "src\tools\WebTools\WebTools.csproj", "{D13A63F8-C0FD-494E-8FBA-2A34CC6EBF05}"
EndProject
Global
	GlobalSection(SolutionConfigurationPlatforms) = preSolution
		Debug|Any CPU = Debug|Any CPU
		Release|Any CPU = Release|Any CPU
	EndGlobalSection
	GlobalSection(ProjectConfigurationPlatforms) = postSolution
		{5EA77CA3-6913-4207-A4A2-49C08306E49F}.Debug|Any CPU.ActiveCfg = Debug|Any CPU
		{5EA77CA3-6913-4207-A4A2-49C08306E49F}.Debug|Any CPU.Build.0 = Debug|Any CPU
		{5EA77CA3-6913-4207-A4A2-49C08306E49F}.Release|Any CPU.ActiveCfg = Release|Any CPU
		{5EA77CA3-6913-4207-A4A2-49C08306E49F}.Release|Any CPU.Build.0 = Release|Any CPU
		{D13A63F8-C0FD-494E-8FBA-2A34CC6EBF05}.Debug|Any CPU.ActiveCfg = Debug|Any CPU
		{D13A63F8-C0FD-494E-8FBA-2A34CC6EBF05}.Debug|Any CPU.Build.0 = Debug|Any CPU
		{D13A63F8-C0FD-494E-8FBA-2A34CC6EBF05}.Release|Any CPU.ActiveCfg = Release|Any CPU
		{D13A63F8-C0FD-494E-8FBA-2A34CC6EBF05}.Release|Any CPU.Build.0 = Release|Any CPU
	EndGlobalSection
	GlobalSection(NestedProjects) = preSolution
		{68A094A0-8DB6-4438-9421-FFC9F63C6A1C} = {8C63C976-5387-4E12-ADFE-F62D84056FC5}
		{5EA77CA3-6913-4207-A4A2-49C08306E49F} = {68A094A0-8DB6-4438-9421-FFC9F63C6A1C}
		{690C281D-4059-4FD6-A061-9899F7CD8611} = {8C63C976-5387-4E12-ADFE-F62D84056FC5}
		{D13A63F8-C0FD-494E-8FBA-2A34CC6EBF05} = {690C281D-4059-4FD6-A061-9899F7CD8611}
	EndGlobalSection
EndGlobal
